// !$*UTF8*$!
{
	archiveVersion = 1;
	classes = {
	};
	objectVersion = 50;
	objects = {

/* Begin PBXBuildFile section */
		A7071E9326466EF500ED7C53 /* Photo.swift in Sources */ = {isa = PBXBuildFile; fileRef = A7071E9226466EF500ED7C53 /* Photo.swift */; };
		A70CA5E726493F5500ABBB03 /* PersonePhoto.swift in Sources */ = {isa = PBXBuildFile; fileRef = A70CA5E626493F5500ABBB03 /* PersonePhoto.swift */; };
		A74C01792634115800F97A23 /* AppDelegate.swift in Sources */ = {isa = PBXBuildFile; fileRef = A74C01782634115800F97A23 /* AppDelegate.swift */; };
		A74C017B2634115800F97A23 /* SceneDelegate.swift in Sources */ = {isa = PBXBuildFile; fileRef = A74C017A2634115800F97A23 /* SceneDelegate.swift */; };
		A74C01802634115800F97A23 /* Main.storyboard in Resources */ = {isa = PBXBuildFile; fileRef = A74C017E2634115800F97A23 /* Main.storyboard */; };
		A74C01822634115900F97A23 /* Assets.xcassets in Resources */ = {isa = PBXBuildFile; fileRef = A74C01812634115900F97A23 /* Assets.xcassets */; };
		A74C01852634115900F97A23 /* LaunchScreen.storyboard in Resources */ = {isa = PBXBuildFile; fileRef = A74C01832634115900F97A23 /* LaunchScreen.storyboard */; };
		A74C018F2634138100F97A23 /* AuthorizationViewController.swift in Sources */ = {isa = PBXBuildFile; fileRef = A74C018E2634138100F97A23 /* AuthorizationViewController.swift */; };
		A74C01952634260800F97A23 /* AuthorizationModel.swift in Sources */ = {isa = PBXBuildFile; fileRef = A74C01942634260800F97A23 /* AuthorizationModel.swift */; };
		A74C019A2634274400F97A23 /* AuthorizationViewModel.swift in Sources */ = {isa = PBXBuildFile; fileRef = A74C01992634274400F97A23 /* AuthorizationViewModel.swift */; };
		A78BA8F9264BD19D00A2FAF7 /* CommentControl.swift in Sources */ = {isa = PBXBuildFile; fileRef = A78BA8F8264BD19C00A2FAF7 /* CommentControl.swift */; };
		A78BA8FB264BE10C00A2FAF7 /* Control.swift in Sources */ = {isa = PBXBuildFile; fileRef = A78BA8FA264BE10C00A2FAF7 /* Control.swift */; };
		A78BA8FE264BED2600A2FAF7 /* ControlPanel.swift in Sources */ = {isa = PBXBuildFile; fileRef = A78BA8FD264BED2600A2FAF7 /* ControlPanel.swift */; };
		A7936D1E26412C3700F278EB /* Persone.swift in Sources */ = {isa = PBXBuildFile; fileRef = A7936D1D26412C3700F278EB /* Persone.swift */; };
		A7936D2026412D9100F278EB /* FriendsTableViewModel.swift in Sources */ = {isa = PBXBuildFile; fileRef = A7936D1F26412D9100F278EB /* FriendsTableViewModel.swift */; };
		A7936D2226413FF200F278EB /* FrendTableViewCell.swift in Sources */ = {isa = PBXBuildFile; fileRef = A7936D2126413FF200F278EB /* FrendTableViewCell.swift */; };
		A7936D2526414B5A00F278EB /* DefaultErrors.swift in Sources */ = {isa = PBXBuildFile; fileRef = A7936D2426414B5A00F278EB /* DefaultErrors.swift */; };
		A7936D28264185C600F278EB /* PersoneCollectionViewController.swift in Sources */ = {isa = PBXBuildFile; fileRef = A7936D27264185C600F278EB /* PersoneCollectionViewController.swift */; };
		A7936D2C2641B03200F278EB /* PersoneCollectionViewModel.swift in Sources */ = {isa = PBXBuildFile; fileRef = A7936D2B2641B03200F278EB /* PersoneCollectionViewModel.swift */; };
		A7936D2E2641B31300F278EB /* PersoneCollectionViewCell.swift in Sources */ = {isa = PBXBuildFile; fileRef = A7936D2D2641B31300F278EB /* PersoneCollectionViewCell.swift */; };
		A79D3382264801140067ADD6 /* LikeControl.swift in Sources */ = {isa = PBXBuildFile; fileRef = A79D3381264801140067ADD6 /* LikeControl.swift */; };
		A79D33852648144D0067ADD6 /* Picture.swift in Sources */ = {isa = PBXBuildFile; fileRef = A79D33842648144D0067ADD6 /* Picture.swift */; };
		A7A257B326382FF200FA0544 /* FriendsViewController.swift in Sources */ = {isa = PBXBuildFile; fileRef = A7A257B226382FF200FA0544 /* FriendsViewController.swift */; };
		A7BA2AC92645221700145D77 /* Group.swift in Sources */ = {isa = PBXBuildFile; fileRef = A7BA2AC82645221700145D77 /* Group.swift */; };
		A7BA2ACD26452A8400145D77 /* GroupCellViewModel.swift in Sources */ = {isa = PBXBuildFile; fileRef = A7BA2ACC26452A8400145D77 /* GroupCellViewModel.swift */; };
		A7BA2AD12645421600145D77 /* GroupTableViewCell.swift in Sources */ = {isa = PBXBuildFile; fileRef = A7BA2AD02645421600145D77 /* GroupTableViewCell.swift */; };
		A7BA2AD52645481300145D77 /* GorupsViewModel.swift in Sources */ = {isa = PBXBuildFile; fileRef = A7BA2AD42645481300145D77 /* GorupsViewModel.swift */; };
		A7BA2AD82645489200145D77 /* MyGroupsViewController.swift in Sources */ = {isa = PBXBuildFile; fileRef = A7BA2AD72645489200145D77 /* MyGroupsViewController.swift */; };
		A7BA2ADC26454B5C00145D77 /* MyGroupsViewModel.swift in Sources */ = {isa = PBXBuildFile; fileRef = A7BA2ADB26454B5C00145D77 /* MyGroupsViewModel.swift */; };
		A7BA2AE026454CB600145D77 /* DefaultGroups.swift in Sources */ = {isa = PBXBuildFile; fileRef = A7BA2ADF26454CB600145D77 /* DefaultGroups.swift */; };
		A7BA2AE22645646E00145D77 /* TableViewCell.swift in Sources */ = {isa = PBXBuildFile; fileRef = A7BA2AE12645646E00145D77 /* TableViewCell.swift */; };
		A7BA2AE52645667400145D77 /* AllGroupsViewModel.swift in Sources */ = {isa = PBXBuildFile; fileRef = A7BA2AE42645667400145D77 /* AllGroupsViewModel.swift */; };
		A7BA2AE72645691800145D77 /* AllGroupsViewController.swift in Sources */ = {isa = PBXBuildFile; fileRef = A7BA2AE62645691800145D77 /* AllGroupsViewController.swift */; };
		A7E4CB9E2646C9BA001C84BC /* UIImage-Extension.swift in Sources */ = {isa = PBXBuildFile; fileRef = A7E4CB9D2646C9BA001C84BC /* UIImage-Extension.swift */; };
		A7E5D9D9264A54D900DD65DE /* LettersControl.swift in Sources */ = {isa = PBXBuildFile; fileRef = A7E5D9D8264A54D900DD65DE /* LettersControl.swift */; };
/* End PBXBuildFile section */

/* Begin PBXFileReference section */
		A7071E9226466EF500ED7C53 /* Photo.swift */ = {isa = PBXFileReference; lastKnownFileType = sourcecode.swift; path = Photo.swift; sourceTree = "<group>"; };
		A70CA5E626493F5500ABBB03 /* PersonePhoto.swift */ = {isa = PBXFileReference; lastKnownFileType = sourcecode.swift; path = PersonePhoto.swift; sourceTree = "<group>"; };
		A74C01752634115800F97A23 /* MyMessager_GB.app */ = {isa = PBXFileReference; explicitFileType = wrapper.application; includeInIndex = 0; path = MyMessager_GB.app; sourceTree = BUILT_PRODUCTS_DIR; };
		A74C01782634115800F97A23 /* AppDelegate.swift */ = {isa = PBXFileReference; lastKnownFileType = sourcecode.swift; path = AppDelegate.swift; sourceTree = "<group>"; };
		A74C017A2634115800F97A23 /* SceneDelegate.swift */ = {isa = PBXFileReference; lastKnownFileType = sourcecode.swift; path = SceneDelegate.swift; sourceTree = "<group>"; };
		A74C017F2634115800F97A23 /* Base */ = {isa = PBXFileReference; lastKnownFileType = file.storyboard; name = Base; path = Base.lproj/Main.storyboard; sourceTree = "<group>"; };
		A74C01812634115900F97A23 /* Assets.xcassets */ = {isa = PBXFileReference; lastKnownFileType = folder.assetcatalog; path = Assets.xcassets; sourceTree = "<group>"; };
		A74C01842634115900F97A23 /* Base */ = {isa = PBXFileReference; lastKnownFileType = file.storyboard; name = Base; path = Base.lproj/LaunchScreen.storyboard; sourceTree = "<group>"; };
		A74C01862634115900F97A23 /* Info.plist */ = {isa = PBXFileReference; lastKnownFileType = text.plist.xml; path = Info.plist; sourceTree = "<group>"; };
		A74C018E2634138100F97A23 /* AuthorizationViewController.swift */ = {isa = PBXFileReference; lastKnownFileType = sourcecode.swift; path = AuthorizationViewController.swift; sourceTree = "<group>"; };
		A74C01942634260800F97A23 /* AuthorizationModel.swift */ = {isa = PBXFileReference; lastKnownFileType = sourcecode.swift; path = AuthorizationModel.swift; sourceTree = "<group>"; };
		A74C01992634274400F97A23 /* AuthorizationViewModel.swift */ = {isa = PBXFileReference; lastKnownFileType = sourcecode.swift; path = AuthorizationViewModel.swift; sourceTree = "<group>"; };
		A78BA8F8264BD19C00A2FAF7 /* CommentControl.swift */ = {isa = PBXFileReference; lastKnownFileType = sourcecode.swift; path = CommentControl.swift; sourceTree = "<group>"; };
		A78BA8FA264BE10C00A2FAF7 /* Control.swift */ = {isa = PBXFileReference; lastKnownFileType = sourcecode.swift; path = Control.swift; sourceTree = "<group>"; };
		A78BA8FD264BED2600A2FAF7 /* ControlPanel.swift */ = {isa = PBXFileReference; lastKnownFileType = sourcecode.swift; path = ControlPanel.swift; sourceTree = "<group>"; };
		A7936D1D26412C3700F278EB /* Persone.swift */ = {isa = PBXFileReference; lastKnownFileType = sourcecode.swift; path = Persone.swift; sourceTree = "<group>"; };
		A7936D1F26412D9100F278EB /* FriendsTableViewModel.swift */ = {isa = PBXFileReference; lastKnownFileType = sourcecode.swift; path = FriendsTableViewModel.swift; sourceTree = "<group>"; };
		A7936D2126413FF200F278EB /* FrendTableViewCell.swift */ = {isa = PBXFileReference; lastKnownFileType = sourcecode.swift; path = FrendTableViewCell.swift; sourceTree = "<group>"; };
		A7936D2426414B5A00F278EB /* DefaultErrors.swift */ = {isa = PBXFileReference; lastKnownFileType = sourcecode.swift; path = DefaultErrors.swift; sourceTree = "<group>"; };
		A7936D27264185C600F278EB /* PersoneCollectionViewController.swift */ = {isa = PBXFileReference; lastKnownFileType = sourcecode.swift; path = PersoneCollectionViewController.swift; sourceTree = "<group>"; };
		A7936D2B2641B03200F278EB /* PersoneCollectionViewModel.swift */ = {isa = PBXFileReference; lastKnownFileType = sourcecode.swift; path = PersoneCollectionViewModel.swift; sourceTree = "<group>"; };
		A7936D2D2641B31300F278EB /* PersoneCollectionViewCell.swift */ = {isa = PBXFileReference; lastKnownFileType = sourcecode.swift; path = PersoneCollectionViewCell.swift; sourceTree = "<group>"; };
		A79D3381264801140067ADD6 /* LikeControl.swift */ = {isa = PBXFileReference; lastKnownFileType = sourcecode.swift; path = LikeControl.swift; sourceTree = "<group>"; };
		A79D33842648144D0067ADD6 /* Picture.swift */ = {isa = PBXFileReference; lastKnownFileType = sourcecode.swift; path = Picture.swift; sourceTree = "<group>"; };
		A7A257B226382FF200FA0544 /* FriendsViewController.swift */ = {isa = PBXFileReference; lastKnownFileType = sourcecode.swift; path = FriendsViewController.swift; sourceTree = "<group>"; };
		A7BA2AC82645221700145D77 /* Group.swift */ = {isa = PBXFileReference; lastKnownFileType = sourcecode.swift; path = Group.swift; sourceTree = "<group>"; };
		A7BA2ACC26452A8400145D77 /* GroupCellViewModel.swift */ = {isa = PBXFileReference; lastKnownFileType = sourcecode.swift; path = GroupCellViewModel.swift; sourceTree = "<group>"; };
		A7BA2AD02645421600145D77 /* GroupTableViewCell.swift */ = {isa = PBXFileReference; lastKnownFileType = sourcecode.swift; path = GroupTableViewCell.swift; sourceTree = "<group>"; };
		A7BA2AD42645481300145D77 /* GorupsViewModel.swift */ = {isa = PBXFileReference; lastKnownFileType = sourcecode.swift; path = GorupsViewModel.swift; sourceTree = "<group>"; };
		A7BA2AD72645489200145D77 /* MyGroupsViewController.swift */ = {isa = PBXFileReference; lastKnownFileType = sourcecode.swift; path = MyGroupsViewController.swift; sourceTree = "<group>"; };
		A7BA2ADB26454B5C00145D77 /* MyGroupsViewModel.swift */ = {isa = PBXFileReference; lastKnownFileType = sourcecode.swift; path = MyGroupsViewModel.swift; sourceTree = "<group>"; };
		A7BA2ADF26454CB600145D77 /* DefaultGroups.swift */ = {isa = PBXFileReference; lastKnownFileType = sourcecode.swift; path = DefaultGroups.swift; sourceTree = "<group>"; };
		A7BA2AE12645646E00145D77 /* TableViewCell.swift */ = {isa = PBXFileReference; lastKnownFileType = sourcecode.swift; path = TableViewCell.swift; sourceTree = "<group>"; };
		A7BA2AE42645667400145D77 /* AllGroupsViewModel.swift */ = {isa = PBXFileReference; lastKnownFileType = sourcecode.swift; path = AllGroupsViewModel.swift; sourceTree = "<group>"; };
		A7BA2AE62645691800145D77 /* AllGroupsViewController.swift */ = {isa = PBXFileReference; lastKnownFileType = sourcecode.swift; path = AllGroupsViewController.swift; sourceTree = "<group>"; };
		A7E4CB9D2646C9BA001C84BC /* UIImage-Extension.swift */ = {isa = PBXFileReference; lastKnownFileType = sourcecode.swift; path = "UIImage-Extension.swift"; sourceTree = "<group>"; };
		A7E5D9D8264A54D900DD65DE /* LettersControl.swift */ = {isa = PBXFileReference; lastKnownFileType = sourcecode.swift; path = LettersControl.swift; sourceTree = "<group>"; };
/* End PBXFileReference section */

/* Begin PBXFrameworksBuildPhase section */
		A74C01722634115800F97A23 /* Frameworks */ = {
			isa = PBXFrameworksBuildPhase;
			buildActionMask = 2147483647;
			files = (
			);
			runOnlyForDeploymentPostprocessing = 0;
		};
/* End PBXFrameworksBuildPhase section */

/* Begin PBXGroup section */
		A7071E9026466A0C00ED7C53 /* UI */ = {
			isa = PBXGroup;
			children = (
				A74C017E2634115800F97A23 /* Main.storyboard */,
				A7BA2AC4264521CB00145D77 /* Groups */,
				A7BA2AC326451EDB00145D77 /* Friends */,
				A74C01922634255F00F97A23 /* Authorization */,
			);
			path = UI;
			sourceTree = "<group>";
		};
		A7071E9126466A2300ED7C53 /* AppDelegate */ = {
			isa = PBXGroup;
			children = (
				A74C01782634115800F97A23 /* AppDelegate.swift */,
				A74C017A2634115800F97A23 /* SceneDelegate.swift */,
			);
			path = AppDelegate;
			sourceTree = "<group>";
		};
		A74C016C2634115800F97A23 = {
			isa = PBXGroup;
			children = (
				A74C01772634115800F97A23 /* MyMessager_GB */,
				A74C01762634115800F97A23 /* Products */,
			);
			sourceTree = "<group>";
		};
		A74C01762634115800F97A23 /* Products */ = {
			isa = PBXGroup;
			children = (
				A74C01752634115800F97A23 /* MyMessager_GB.app */,
			);
			name = Products;
			sourceTree = "<group>";
		};
		A74C01772634115800F97A23 /* MyMessager_GB */ = {
			isa = PBXGroup;
			children = (
				A79D3380264800D80067ADD6 /* Utils */,
				A7E4CB9C2646C9A6001C84BC /* Extensions */,
				A7071E9126466A2300ED7C53 /* AppDelegate */,
				A7071E9026466A0C00ED7C53 /* UI */,
				A7936D2326414B2800F278EB /* Value */,
				A74C01812634115900F97A23 /* Assets.xcassets */,
				A74C01832634115900F97A23 /* LaunchScreen.storyboard */,
				A74C01862634115900F97A23 /* Info.plist */,
			);
			path = MyMessager_GB;
			sourceTree = "<group>";
		};
		A74C018D2634119200F97A23 /* View */ = {
			isa = PBXGroup;
			children = (
				A74C018E2634138100F97A23 /* AuthorizationViewController.swift */,
			);
			path = View;
			sourceTree = "<group>";
		};
		A74C01922634255F00F97A23 /* Authorization */ = {
			isa = PBXGroup;
			children = (
				A74C0198263426E500F97A23 /* ViewModel */,
				A74C01932634257F00F97A23 /* Model */,
				A74C018D2634119200F97A23 /* View */,
			);
			path = Authorization;
			sourceTree = "<group>";
		};
		A74C01932634257F00F97A23 /* Model */ = {
			isa = PBXGroup;
			children = (
				A74C01942634260800F97A23 /* AuthorizationModel.swift */,
			);
			path = Model;
			sourceTree = "<group>";
		};
		A74C0198263426E500F97A23 /* ViewModel */ = {
			isa = PBXGroup;
			children = (
				A74C01992634274400F97A23 /* AuthorizationViewModel.swift */,
			);
			path = ViewModel;
			sourceTree = "<group>";
		};
		A78BA8F7264BD18700A2FAF7 /* Controls */ = {
			isa = PBXGroup;
			children = (
				A79D3381264801140067ADD6 /* LikeControl.swift */,
				A78BA8F8264BD19C00A2FAF7 /* CommentControl.swift */,
				A78BA8FA264BE10C00A2FAF7 /* Control.swift */,
			);
			path = Controls;
			sourceTree = "<group>";
		};
		A78BA8FC264BED0B00A2FAF7 /* ControlPanel */ = {
			isa = PBXGroup;
			children = (
				A78BA8F7264BD18700A2FAF7 /* Controls */,
				A78BA8FD264BED2600A2FAF7 /* ControlPanel.swift */,
			);
			path = ControlPanel;
			sourceTree = "<group>";
		};
		A7936D2326414B2800F278EB /* Value */ = {
			isa = PBXGroup;
			children = (
				A7936D2426414B5A00F278EB /* DefaultErrors.swift */,
			);
			path = Value;
			sourceTree = "<group>";
		};
		A7936D26264185AE00F278EB /* Persone */ = {
			isa = PBXGroup;
			children = (
				A7936D2A2641B02B00F278EB /* ViewModel */,
				A7936D292641B02300F278EB /* View */,
			);
			path = Persone;
			sourceTree = "<group>";
		};
		A7936D292641B02300F278EB /* View */ = {
			isa = PBXGroup;
			children = (
				A7936D27264185C600F278EB /* PersoneCollectionViewController.swift */,
				A7936D2D2641B31300F278EB /* PersoneCollectionViewCell.swift */,
			);
			path = View;
			sourceTree = "<group>";
		};
		A7936D2A2641B02B00F278EB /* ViewModel */ = {
			isa = PBXGroup;
			children = (
				A7936D2B2641B03200F278EB /* PersoneCollectionViewModel.swift */,
			);
			path = ViewModel;
			sourceTree = "<group>";
		};
		A79D3380264800D80067ADD6 /* Utils */ = {
			isa = PBXGroup;
			children = (
				A78BA8FC264BED0B00A2FAF7 /* ControlPanel */,
				A7071E9226466EF500ED7C53 /* Photo.swift */,
				A70CA5E626493F5500ABBB03 /* PersonePhoto.swift */,
				A7E5D9D8264A54D900DD65DE /* LettersControl.swift */,
			);
			path = Utils;
			sourceTree = "<group>";
		};
		A7A257AE26382D9300FA0544 /* FriendsList */ = {
			isa = PBXGroup;
			children = (
				A7A257B026382DB200FA0544 /* ViewModel */,
				A7A257AF26382DAE00FA0544 /* View */,
			);
			path = FriendsList;
			sourceTree = "<group>";
		};
		A7A257AF26382DAE00FA0544 /* View */ = {
			isa = PBXGroup;
			children = (
				A7A257B226382FF200FA0544 /* FriendsViewController.swift */,
				A7936D2126413FF200F278EB /* FrendTableViewCell.swift */,
			);
			path = View;
			sourceTree = "<group>";
		};
		A7A257B026382DB200FA0544 /* ViewModel */ = {
			isa = PBXGroup;
			children = (
				A7936D1F26412D9100F278EB /* FriendsTableViewModel.swift */,
			);
			path = ViewModel;
			sourceTree = "<group>";
		};
		A7A257B126382DB800FA0544 /* Model */ = {
			isa = PBXGroup;
			children = (
				A7936D1D26412C3700F278EB /* Persone.swift */,
				A79D33842648144D0067ADD6 /* Picture.swift */,
			);
			path = Model;
			sourceTree = "<group>";
		};
		A7BA2AC326451EDB00145D77 /* Friends */ = {
			isa = PBXGroup;
			children = (
				A7A257B126382DB800FA0544 /* Model */,
				A7936D26264185AE00F278EB /* Persone */,
				A7A257AE26382D9300FA0544 /* FriendsList */,
			);
			path = Friends;
			sourceTree = "<group>";
		};
		A7BA2AC4264521CB00145D77 /* Groups */ = {
			isa = PBXGroup;
			children = (
				A7BA2ADD26454C1C00145D77 /* Value */,
				A7BA2AD62645487E00145D77 /* View */,
				A7BA2ADA26454B4500145D77 /* ViewModel */,
			);
			path = Groups;
			sourceTree = "<group>";
		};
		A7BA2AC72645220800145D77 /* Model */ = {
			isa = PBXGroup;
			children = (
				A7BA2AC82645221700145D77 /* Group.swift */,
			);
			path = Model;
			sourceTree = "<group>";
		};
		A7BA2ACB2645283300145D77 /* ViewModel */ = {
			isa = PBXGroup;
			children = (
				A7BA2ACC26452A8400145D77 /* GroupCellViewModel.swift */,
			);
			path = ViewModel;
			sourceTree = "<group>";
		};
		A7BA2ACE26453DD200145D77 /* GroupCell */ = {
			isa = PBXGroup;
			children = (
				A7BA2ACF264541FE00145D77 /* View */,
				A7BA2ACB2645283300145D77 /* ViewModel */,
				A7BA2AC72645220800145D77 /* Model */,
			);
			path = GroupCell;
			sourceTree = "<group>";
		};
		A7BA2ACF264541FE00145D77 /* View */ = {
			isa = PBXGroup;
			children = (
				A7BA2AD02645421600145D77 /* GroupTableViewCell.swift */,
				A7BA2AE12645646E00145D77 /* TableViewCell.swift */,
			);
			path = View;
			sourceTree = "<group>";
		};
		A7BA2AD62645487E00145D77 /* View */ = {
			isa = PBXGroup;
			children = (
				A7BA2ACE26453DD200145D77 /* GroupCell */,
				A7BA2AD72645489200145D77 /* MyGroupsViewController.swift */,
				A7BA2AE62645691800145D77 /* AllGroupsViewController.swift */,
			);
			path = View;
			sourceTree = "<group>";
		};
		A7BA2ADA26454B4500145D77 /* ViewModel */ = {
			isa = PBXGroup;
			children = (
				A7BA2AD42645481300145D77 /* GorupsViewModel.swift */,
				A7BA2AE42645667400145D77 /* AllGroupsViewModel.swift */,
				A7BA2ADB26454B5C00145D77 /* MyGroupsViewModel.swift */,
			);
			path = ViewModel;
			sourceTree = "<group>";
		};
		A7BA2ADD26454C1C00145D77 /* Value */ = {
			isa = PBXGroup;
			children = (
				A7BA2ADF26454CB600145D77 /* DefaultGroups.swift */,
			);
			path = Value;
			sourceTree = "<group>";
		};
		A7E4CB9C2646C9A6001C84BC /* Extensions */ = {
			isa = PBXGroup;
			children = (
				A7E4CB9D2646C9BA001C84BC /* UIImage-Extension.swift */,
			);
			path = Extensions;
			sourceTree = "<group>";
		};
/* End PBXGroup section */

/* Begin PBXNativeTarget section */
		A74C01742634115800F97A23 /* MyMessager_GB */ = {
			isa = PBXNativeTarget;
			buildConfigurationList = A74C01892634115900F97A23 /* Build configuration list for PBXNativeTarget "MyMessager_GB" */;
			buildPhases = (
				A74C01712634115800F97A23 /* Sources */,
				A74C01722634115800F97A23 /* Frameworks */,
				A74C01732634115800F97A23 /* Resources */,
			);
			buildRules = (
			);
			dependencies = (
			);
			name = MyMessager_GB;
			productName = MyMessager_GB;
			productReference = A74C01752634115800F97A23 /* MyMessager_GB.app */;
			productType = "com.apple.product-type.application";
		};
/* End PBXNativeTarget section */

/* Begin PBXProject section */
		A74C016D2634115800F97A23 /* Project object */ = {
			isa = PBXProject;
			attributes = {
				LastSwiftUpdateCheck = 1220;
				LastUpgradeCheck = 1220;
				TargetAttributes = {
					A74C01742634115800F97A23 = {
						CreatedOnToolsVersion = 12.2;
					};
				};
			};
			buildConfigurationList = A74C01702634115800F97A23 /* Build configuration list for PBXProject "MyMessager_GB" */;
			compatibilityVersion = "Xcode 9.3";
			developmentRegion = en;
			hasScannedForEncodings = 0;
			knownRegions = (
				en,
				Base,
			);
			mainGroup = A74C016C2634115800F97A23;
			productRefGroup = A74C01762634115800F97A23 /* Products */;
			projectDirPath = "";
			projectRoot = "";
			targets = (
				A74C01742634115800F97A23 /* MyMessager_GB */,
			);
		};
/* End PBXProject section */

/* Begin PBXResourcesBuildPhase section */
		A74C01732634115800F97A23 /* Resources */ = {
			isa = PBXResourcesBuildPhase;
			buildActionMask = 2147483647;
			files = (
				A74C01852634115900F97A23 /* LaunchScreen.storyboard in Resources */,
				A74C01822634115900F97A23 /* Assets.xcassets in Resources */,
				A74C01802634115800F97A23 /* Main.storyboard in Resources */,
			);
			runOnlyForDeploymentPostprocessing = 0;
		};
/* End PBXResourcesBuildPhase section */

/* Begin PBXSourcesBuildPhase section */
		A74C01712634115800F97A23 /* Sources */ = {
			isa = PBXSourcesBuildPhase;
			buildActionMask = 2147483647;
			files = (
				A7936D2226413FF200F278EB /* FrendTableViewCell.swift in Sources */,
				A7936D2C2641B03200F278EB /* PersoneCollectionViewModel.swift in Sources */,
				A74C018F2634138100F97A23 /* AuthorizationViewController.swift in Sources */,
				A78BA8F9264BD19D00A2FAF7 /* CommentControl.swift in Sources */,
				A7BA2AE026454CB600145D77 /* DefaultGroups.swift in Sources */,
				A7BA2AD12645421600145D77 /* GroupTableViewCell.swift in Sources */,
				A7E4CB9E2646C9BA001C84BC /* UIImage-Extension.swift in Sources */,
				A7BA2AD52645481300145D77 /* GorupsViewModel.swift in Sources */,
				A7936D2E2641B31300F278EB /* PersoneCollectionViewCell.swift in Sources */,
				A7BA2ADC26454B5C00145D77 /* MyGroupsViewModel.swift in Sources */,
				A7BA2AD82645489200145D77 /* MyGroupsViewController.swift in Sources */,
				A7936D2526414B5A00F278EB /* DefaultErrors.swift in Sources */,
				A7BA2AE72645691800145D77 /* AllGroupsViewController.swift in Sources */,
				A7936D1E26412C3700F278EB /* Persone.swift in Sources */,
				A7BA2ACD26452A8400145D77 /* GroupCellViewModel.swift in Sources */,
				A7BA2AE22645646E00145D77 /* TableViewCell.swift in Sources */,
				A74C01952634260800F97A23 /* AuthorizationModel.swift in Sources */,
				A7BA2AC92645221700145D77 /* Group.swift in Sources */,
				A74C01792634115800F97A23 /* AppDelegate.swift in Sources */,
				A78BA8FB264BE10C00A2FAF7 /* Control.swift in Sources */,
				A79D33852648144D0067ADD6 /* Picture.swift in Sources */,
				A7BA2AE52645667400145D77 /* AllGroupsViewModel.swift in Sources */,
				A74C017B2634115800F97A23 /* SceneDelegate.swift in Sources */,
				A7071E9326466EF500ED7C53 /* Photo.swift in Sources */,
				A7E5D9D9264A54D900DD65DE /* LettersControl.swift in Sources */,
				A7936D2026412D9100F278EB /* FriendsTableViewModel.swift in Sources */,
				A79D3382264801140067ADD6 /* LikeControl.swift in Sources */,
				A7936D28264185C600F278EB /* PersoneCollectionViewController.swift in Sources */,
				A7A257B326382FF200FA0544 /* FriendsViewController.swift in Sources */,
				A74C019A2634274400F97A23 /* AuthorizationViewModel.swift in Sources */,
				A78BA8FE264BED2600A2FAF7 /* ControlPanel.swift in Sources */,
				A70CA5E726493F5500ABBB03 /* PersonePhoto.swift in Sources */,
			);
			runOnlyForDeploymentPostprocessing = 0;
		};
/* End PBXSourcesBuildPhase section */

/* Begin PBXVariantGroup section */
		A74C017E2634115800F97A23 /* Main.storyboard */ = {
			isa = PBXVariantGroup;
			children = (
				A74C017F2634115800F97A23 /* Base */,
			);
			name = Main.storyboard;
			sourceTree = "<group>";
		};
		A74C01832634115900F97A23 /* LaunchScreen.storyboard */ = {
			isa = PBXVariantGroup;
			children = (
				A74C01842634115900F97A23 /* Base */,
			);
			name = LaunchScreen.storyboard;
			sourceTree = "<group>";
		};
/* End PBXVariantGroup section */

/* Begin XCBuildConfiguration section */
		A74C01872634115900F97A23 /* Debug */ = {
			isa = XCBuildConfiguration;
			buildSettings = {
				ALWAYS_SEARCH_USER_PATHS = NO;
				CLANG_ANALYZER_NONNULL = YES;
				CLANG_ANALYZER_NUMBER_OBJECT_CONVERSION = YES_AGGRESSIVE;
				CLANG_CXX_LANGUAGE_STANDARD = "gnu++14";
				CLANG_CXX_LIBRARY = "libc++";
				CLANG_ENABLE_MODULES = YES;
				CLANG_ENABLE_OBJC_ARC = YES;
				CLANG_ENABLE_OBJC_WEAK = YES;
				CLANG_WARN_BLOCK_CAPTURE_AUTORELEASING = YES;
				CLANG_WARN_BOOL_CONVERSION = YES;
				CLANG_WARN_COMMA = YES;
				CLANG_WARN_CONSTANT_CONVERSION = YES;
				CLANG_WARN_DEPRECATED_OBJC_IMPLEMENTATIONS = YES;
				CLANG_WARN_DIRECT_OBJC_ISA_USAGE = YES_ERROR;
				CLANG_WARN_DOCUMENTATION_COMMENTS = YES;
				CLANG_WARN_EMPTY_BODY = YES;
				CLANG_WARN_ENUM_CONVERSION = YES;
				CLANG_WARN_INFINITE_RECURSION = YES;
				CLANG_WARN_INT_CONVERSION = YES;
				CLANG_WARN_NON_LITERAL_NULL_CONVERSION = YES;
				CLANG_WARN_OBJC_IMPLICIT_RETAIN_SELF = YES;
				CLANG_WARN_OBJC_LITERAL_CONVERSION = YES;
				CLANG_WARN_OBJC_ROOT_CLASS = YES_ERROR;
				CLANG_WARN_QUOTED_INCLUDE_IN_FRAMEWORK_HEADER = YES;
				CLANG_WARN_RANGE_LOOP_ANALYSIS = YES;
				CLANG_WARN_STRICT_PROTOTYPES = YES;
				CLANG_WARN_SUSPICIOUS_MOVE = YES;
				CLANG_WARN_UNGUARDED_AVAILABILITY = YES_AGGRESSIVE;
				CLANG_WARN_UNREACHABLE_CODE = YES;
				CLANG_WARN__DUPLICATE_METHOD_MATCH = YES;
				COPY_PHASE_STRIP = NO;
				DEBUG_INFORMATION_FORMAT = dwarf;
				ENABLE_STRICT_OBJC_MSGSEND = YES;
				ENABLE_TESTABILITY = YES;
				GCC_C_LANGUAGE_STANDARD = gnu11;
				GCC_DYNAMIC_NO_PIC = NO;
				GCC_NO_COMMON_BLOCKS = YES;
				GCC_OPTIMIZATION_LEVEL = 0;
				GCC_PREPROCESSOR_DEFINITIONS = (
					"DEBUG=1",
					"$(inherited)",
				);
				GCC_WARN_64_TO_32_BIT_CONVERSION = YES;
				GCC_WARN_ABOUT_RETURN_TYPE = YES_ERROR;
				GCC_WARN_UNDECLARED_SELECTOR = YES;
				GCC_WARN_UNINITIALIZED_AUTOS = YES_AGGRESSIVE;
				GCC_WARN_UNUSED_FUNCTION = YES;
				GCC_WARN_UNUSED_VARIABLE = YES;
				IPHONEOS_DEPLOYMENT_TARGET = 14.2;
				MTL_ENABLE_DEBUG_INFO = INCLUDE_SOURCE;
				MTL_FAST_MATH = YES;
				ONLY_ACTIVE_ARCH = YES;
				SDKROOT = iphoneos;
				SWIFT_ACTIVE_COMPILATION_CONDITIONS = DEBUG;
				SWIFT_OPTIMIZATION_LEVEL = "-Onone";
			};
			name = Debug;
		};
		A74C01882634115900F97A23 /* Release */ = {
			isa = XCBuildConfiguration;
			buildSettings = {
				ALWAYS_SEARCH_USER_PATHS = NO;
				CLANG_ANALYZER_NONNULL = YES;
				CLANG_ANALYZER_NUMBER_OBJECT_CONVERSION = YES_AGGRESSIVE;
				CLANG_CXX_LANGUAGE_STANDARD = "gnu++14";
				CLANG_CXX_LIBRARY = "libc++";
				CLANG_ENABLE_MODULES = YES;
				CLANG_ENABLE_OBJC_ARC = YES;
				CLANG_ENABLE_OBJC_WEAK = YES;
				CLANG_WARN_BLOCK_CAPTURE_AUTORELEASING = YES;
				CLANG_WARN_BOOL_CONVERSION = YES;
				CLANG_WARN_COMMA = YES;
				CLANG_WARN_CONSTANT_CONVERSION = YES;
				CLANG_WARN_DEPRECATED_OBJC_IMPLEMENTATIONS = YES;
				CLANG_WARN_DIRECT_OBJC_ISA_USAGE = YES_ERROR;
				CLANG_WARN_DOCUMENTATION_COMMENTS = YES;
				CLANG_WARN_EMPTY_BODY = YES;
				CLANG_WARN_ENUM_CONVERSION = YES;
				CLANG_WARN_INFINITE_RECURSION = YES;
				CLANG_WARN_INT_CONVERSION = YES;
				CLANG_WARN_NON_LITERAL_NULL_CONVERSION = YES;
				CLANG_WARN_OBJC_IMPLICIT_RETAIN_SELF = YES;
				CLANG_WARN_OBJC_LITERAL_CONVERSION = YES;
				CLANG_WARN_OBJC_ROOT_CLASS = YES_ERROR;
				CLANG_WARN_QUOTED_INCLUDE_IN_FRAMEWORK_HEADER = YES;
				CLANG_WARN_RANGE_LOOP_ANALYSIS = YES;
				CLANG_WARN_STRICT_PROTOTYPES = YES;
				CLANG_WARN_SUSPICIOUS_MOVE = YES;
				CLANG_WARN_UNGUARDED_AVAILABILITY = YES_AGGRESSIVE;
				CLANG_WARN_UNREACHABLE_CODE = YES;
				CLANG_WARN__DUPLICATE_METHOD_MATCH = YES;
				COPY_PHASE_STRIP = NO;
				DEBUG_INFORMATION_FORMAT = "dwarf-with-dsym";
				ENABLE_NS_ASSERTIONS = NO;
				ENABLE_STRICT_OBJC_MSGSEND = YES;
				GCC_C_LANGUAGE_STANDARD = gnu11;
				GCC_NO_COMMON_BLOCKS = YES;
				GCC_WARN_64_TO_32_BIT_CONVERSION = YES;
				GCC_WARN_ABOUT_RETURN_TYPE = YES_ERROR;
				GCC_WARN_UNDECLARED_SELECTOR = YES;
				GCC_WARN_UNINITIALIZED_AUTOS = YES_AGGRESSIVE;
				GCC_WARN_UNUSED_FUNCTION = YES;
				GCC_WARN_UNUSED_VARIABLE = YES;
				IPHONEOS_DEPLOYMENT_TARGET = 14.2;
				MTL_ENABLE_DEBUG_INFO = NO;
				MTL_FAST_MATH = YES;
				SDKROOT = iphoneos;
				SWIFT_COMPILATION_MODE = wholemodule;
				SWIFT_OPTIMIZATION_LEVEL = "-O";
				VALIDATE_PRODUCT = YES;
			};
			name = Release;
		};
		A74C018A2634115900F97A23 /* Debug */ = {
			isa = XCBuildConfiguration;
			buildSettings = {
				ASSETCATALOG_COMPILER_APPICON_NAME = AppIcon;
				ASSETCATALOG_COMPILER_GLOBAL_ACCENT_COLOR_NAME = AccentColor;
				CODE_SIGN_STYLE = Automatic;
				DEVELOPMENT_TEAM = 233CLBU936;
				INFOPLIST_FILE = MyMessager_GB/Info.plist;
				LD_RUNPATH_SEARCH_PATHS = (
					"$(inherited)",
					"@executable_path/Frameworks",
				);
				PRODUCT_BUNDLE_IDENTIFIER = "Valentin-Mironov.MyMessager-GB";
				PRODUCT_NAME = "$(TARGET_NAME)";
				SWIFT_VERSION = 5.0;
				TARGETED_DEVICE_FAMILY = "1,2";
			};
			name = Debug;
		};
		A74C018B2634115900F97A23 /* Release */ = {
			isa = XCBuildConfiguration;
			buildSettings = {
				ASSETCATALOG_COMPILER_APPICON_NAME = AppIcon;
				ASSETCATALOG_COMPILER_GLOBAL_ACCENT_COLOR_NAME = AccentColor;
				CODE_SIGN_STYLE = Automatic;
				DEVELOPMENT_TEAM = 233CLBU936;
				INFOPLIST_FILE = MyMessager_GB/Info.plist;
				LD_RUNPATH_SEARCH_PATHS = (
					"$(inherited)",
					"@executable_path/Frameworks",
				);
				PRODUCT_BUNDLE_IDENTIFIER = "Valentin-Mironov.MyMessager-GB";
				PRODUCT_NAME = "$(TARGET_NAME)";
				SWIFT_VERSION = 5.0;
				TARGETED_DEVICE_FAMILY = "1,2";
			};
			name = Release;
		};
/* End XCBuildConfiguration section */

/* Begin XCConfigurationList section */
		A74C01702634115800F97A23 /* Build configuration list for PBXProject "MyMessager_GB" */ = {
			isa = XCConfigurationList;
			buildConfigurations = (
				A74C01872634115900F97A23 /* Debug */,
				A74C01882634115900F97A23 /* Release */,
			);
			defaultConfigurationIsVisible = 0;
			defaultConfigurationName = Release;
		};
		A74C01892634115900F97A23 /* Build configuration list for PBXNativeTarget "MyMessager_GB" */ = {
			isa = XCConfigurationList;
			buildConfigurations = (
				A74C018A2634115900F97A23 /* Debug */,
				A74C018B2634115900F97A23 /* Release */,
			);
			defaultConfigurationIsVisible = 0;
			defaultConfigurationName = Release;
		};
/* End XCConfigurationList section */
	};
	rootObject = A74C016D2634115800F97A23 /* Project object */;
}
